PODS:
  - Capacitor (1.2.1):
    - CapacitorCordova (= 1.2.1)
  - CapacitorCordova (1.2.1)
  - JustLayout (1.6.1):
    - JustLayout/Core (= 1.6.1)
  - JustLayout/Core (1.6.1)

DEPENDENCIES:
  - "Capacitor (from `../node_modules/@capacitor/ios`)"
  - "CapacitorCordova (from `../node_modules/@capacitor/ios`)"
  - JustLayout (= 1.6.1)

SPEC REPOS:
  trunk:
    - JustLayout

EXTERNAL SOURCES:
  Capacitor:
    :path: "../node_modules/@capacitor/ios"
  CapacitorCordova:
    :path: "../node_modules/@capacitor/ios"

SPEC CHECKSUMS:
  Capacitor: e89d041bf912bccbbccab2e07d0f32aa4ca0f11a
  CapacitorCordova: 806e405d02de22c10a9b20a2ee4fb3f097cfb8a5
  JustLayout: 93629690e8b1512c7dbfa6a37797eda9983327e2

PODFILE CHECKSUM: 646f51a6102040ece04f481d251b6bae08c9e227

COCOAPODS: 1.8.3
